
Microsoft Visual Studio Solution File, Format Version 12.00
# Visual Studio Version 17
VisualStudioVersion = 17.4.33213.308
MinimumVisualStudioVersion = 10.0.40219.1
Project("{FAE04EC0-301F-11D3-BF4B-00C04F79EFBC}") = "Lab5.UI", "Lab5.UI\Lab5.UI.csproj", "{E65A5A0E-BC92-4597-BD6E-998C4F59BB92}"
EndProject
Project("{FAE04EC0-301F-11D3-BF4B-00C04F79EFBC}") = "Lab5.Domain", "Lab5.Domain\Lab5.Domain.csproj", "{95796090-C263-4242-9D9E-8972E648DD45}"
EndProject
Project("{FAE04EC0-301F-11D3-BF4B-00C04F79EFBC}") = "Lab5.Application", "Lab5.Application\Lab5.Application.csproj", "{1C5603DF-9721-4B0A-9E7C-4E63B836E3E1}"
EndProject
Project("{FAE04EC0-301F-11D3-BF4B-00C04F79EFBC}") = "Lab5.Persistence", "Lab5.Persistence\Lab5.Persistence.csproj", "{ED0BFDB7-6B91-4587-8394-6719C08B6247}"
EndProject
Global
	GlobalSection(SolutionConfigurationPlatforms) = preSolution
		Debug|Any CPU = Debug|Any CPU
		Release|Any CPU = Release|Any CPU
	EndGlobalSection
	GlobalSection(ProjectConfigurationPlatforms) = postSolution
		{E65A5A0E-BC92-4597-BD6E-998C4F59BB92}.Debug|Any CPU.ActiveCfg = Debug|Any CPU
		{E65A5A0E-BC92-4597-BD6E-998C4F59BB92}.Debug|Any CPU.Build.0 = Debug|Any CPU
		{E65A5A0E-BC92-4597-BD6E-998C4F59BB92}.Debug|Any CPU.Deploy.0 = Debug|Any CPU
		{E65A5A0E-BC92-4597-BD6E-998C4F59BB92}.Release|Any CPU.ActiveCfg = Release|Any CPU
		{E65A5A0E-BC92-4597-BD6E-998C4F59BB92}.Release|Any CPU.Build.0 = Release|Any CPU
		{E65A5A0E-BC92-4597-BD6E-998C4F59BB92}.Release|Any CPU.Deploy.0 = Release|Any CPU
		{95796090-C263-4242-9D9E-8972E648DD45}.Debug|Any CPU.ActiveCfg = Debug|Any CPU
		{95796090-C263-4242-9D9E-8972E648DD45}.Debug|Any CPU.Build.0 = Debug|Any CPU
		{95796090-C263-4242-9D9E-8972E648DD45}.Release|Any CPU.ActiveCfg = Release|Any CPU
		{95796090-C263-4242-9D9E-8972E648DD45}.Release|Any CPU.Build.0 = Release|Any CPU
		{1C5603DF-9721-4B0A-9E7C-4E63B836E3E1}.Debug|Any CPU.ActiveCfg = Debug|Any CPU
		{1C5603DF-9721-4B0A-9E7C-4E63B836E3E1}.Debug|Any CPU.Build.0 = Debug|Any CPU
		{1C5603DF-9721-4B0A-9E7C-4E63B836E3E1}.Release|Any CPU.ActiveCfg = Release|Any CPU
		{1C5603DF-9721-4B0A-9E7C-4E63B836E3E1}.Release|Any CPU.Build.0 = Release|Any CPU
		{ED0BFDB7-6B91-4587-8394-6719C08B6247}.Debug|Any CPU.ActiveCfg = Debug|Any CPU
		{ED0BFDB7-6B91-4587-8394-6719C08B6247}.Debug|Any CPU.Build.0 = Debug|Any CPU
		{ED0BFDB7-6B91-4587-8394-6719C08B6247}.Release|Any CPU.ActiveCfg = Release|Any CPU
		{ED0BFDB7-6B91-4587-8394-6719C08B6247}.Release|Any CPU.Build.0 = Release|Any CPU
	EndGlobalSection
	GlobalSection(SolutionProperties) = preSolution
		HideSolutionNode = FALSE
	EndGlobalSection
	GlobalSection(ExtensibilityGlobals) = postSolution
		SolutionGuid = {C70EA66C-61F8-4F84-BDE6-0F16A88B86A7}
	EndGlobalSection
EndGlobal
